
Microsoft Visual Studio Solution File, Format Version 12.00
# Visual Studio Version 17
VisualStudioVersion = 17.7.34221.43
MinimumVisualStudioVersion = 10.0.40219.1
Project("{FAE04EC0-301F-11D3-BF4B-00C04F79EFBC}") = "QuanLyBanHang", "QuanLyBanHang.csproj", "{FF775B63-A7FD-4A25-8A51-011E071904A1}"
EndProject
Global
	GlobalSection(SolutionConfigurationPlatforms) = preSolution
		Debug|Any CPU = Debug|Any CPU
		Release|Any CPU = Release|Any CPU
	EndGlobalSection
	GlobalSection(ProjectConfigurationPlatforms) = postSolution
		{FF775B63-A7FD-4A25-8A51-011E071904A1}.Debug|Any CPU.ActiveCfg = Debug|Any CPU
		{FF775B63-A7FD-4A25-8A51-011E071904A1}.Debug|Any CPU.Build.0 = Debug|Any CPU
		{FF775B63-A7FD-4A25-8A51-011E071904A1}.Release|Any CPU.ActiveCfg = Release|Any CPU
		{FF775B63-A7FD-4A25-8A51-011E071904A1}.Release|Any CPU.Build.0 = Release|Any CPU
	EndGlobalSection
	GlobalSection(SolutionProperties) = preSolution
		HideSolutionNode = FALSE
	EndGlobalSection
	GlobalSection(ExtensibilityGlobals) = postSolution
		SolutionGuid = {957E3F6D-6E26-458F-B0C2-4EDFBB1DD964}
	EndGlobalSection
EndGlobal
